// !$*UTF8*$!
{
	archiveVersion = 1;
	classes = {
	};
	objectVersion = 56;
	objects = {

/* Begin PBXBuildFile section */
		0384A5FC75634BBBFA5041FA /* Pods_ContactBook.framework in Frameworks */ = {isa = PBXBuildFile; fileRef = 3733522CEBEEF8BF7964A79C /* Pods_ContactBook.framework */; };
		E0B8399C2AA0C43000DE9D38 /* AppDelegate.swift in Sources */ = {isa = PBXBuildFile; fileRef = E0B8399B2AA0C43000DE9D38 /* AppDelegate.swift */; };
		E0B8399E2AA0C43000DE9D38 /* SceneDelegate.swift in Sources */ = {isa = PBXBuildFile; fileRef = E0B8399D2AA0C43000DE9D38 /* SceneDelegate.swift */; };
		E0B839A02AA0C43000DE9D38 /* ContactsListViewController.swift in Sources */ = {isa = PBXBuildFile; fileRef = E0B8399F2AA0C43000DE9D38 /* ContactsListViewController.swift */; };
		E0B839A52AA0C43000DE9D38 /* Assets.xcassets in Resources */ = {isa = PBXBuildFile; fileRef = E0B839A42AA0C43000DE9D38 /* Assets.xcassets */; };
		E0B839A82AA0C43000DE9D38 /* LaunchScreen.storyboard in Resources */ = {isa = PBXBuildFile; fileRef = E0B839A62AA0C43000DE9D38 /* LaunchScreen.storyboard */; };
		E0B839B02AA0C50800DE9D38 /* .swiftlint.yml in Resources */ = {isa = PBXBuildFile; fileRef = E0B839AF2AA0C50800DE9D38 /* .swiftlint.yml */; };
		E0B839B52AA0CBDD00DE9D38 /* StringExtension.swift in Sources */ = {isa = PBXBuildFile; fileRef = E0B839B42AA0CBDD00DE9D38 /* StringExtension.swift */; };
		E0B839B72AA0CC0000DE9D38 /* UIColorExtension.swift in Sources */ = {isa = PBXBuildFile; fileRef = E0B839B62AA0CC0000DE9D38 /* UIColorExtension.swift */; };
		E0B839BB2AA0CD4B00DE9D38 /* ContactsManager.swift in Sources */ = {isa = PBXBuildFile; fileRef = E0B839BA2AA0CD4B00DE9D38 /* ContactsManager.swift */; };
		E0B839BE2AA0CEA400DE9D38 /* ContactModel.swift in Sources */ = {isa = PBXBuildFile; fileRef = E0B839BD2AA0CEA400DE9D38 /* ContactModel.swift */; };
/* End PBXBuildFile section */

/* Begin PBXFileReference section */
		3733522CEBEEF8BF7964A79C /* Pods_ContactBook.framework */ = {isa = PBXFileReference; explicitFileType = wrapper.framework; includeInIndex = 0; path = Pods_ContactBook.framework; sourceTree = BUILT_PRODUCTS_DIR; };
		733C8308E7D54F6D3908E6C4 /* Pods-ContactBook.release.xcconfig */ = {isa = PBXFileReference; includeInIndex = 1; lastKnownFileType = text.xcconfig; name = "Pods-ContactBook.release.xcconfig"; path = "Target Support Files/Pods-ContactBook/Pods-ContactBook.release.xcconfig"; sourceTree = "<group>"; };
		8D664EC71837B6F44C0C7A84 /* Pods-ContactBook.debug.xcconfig */ = {isa = PBXFileReference; includeInIndex = 1; lastKnownFileType = text.xcconfig; name = "Pods-ContactBook.debug.xcconfig"; path = "Target Support Files/Pods-ContactBook/Pods-ContactBook.debug.xcconfig"; sourceTree = "<group>"; };
		E0B839982AA0C43000DE9D38 /* ContactBook.app */ = {isa = PBXFileReference; explicitFileType = wrapper.application; includeInIndex = 0; path = ContactBook.app; sourceTree = BUILT_PRODUCTS_DIR; };
		E0B8399B2AA0C43000DE9D38 /* AppDelegate.swift */ = {isa = PBXFileReference; lastKnownFileType = sourcecode.swift; path = AppDelegate.swift; sourceTree = "<group>"; };
		E0B8399D2AA0C43000DE9D38 /* SceneDelegate.swift */ = {isa = PBXFileReference; lastKnownFileType = sourcecode.swift; path = SceneDelegate.swift; sourceTree = "<group>"; };
		E0B8399F2AA0C43000DE9D38 /* ContactsListViewController.swift */ = {isa = PBXFileReference; lastKnownFileType = sourcecode.swift; path = ContactsListViewController.swift; sourceTree = "<group>"; };
		E0B839A42AA0C43000DE9D38 /* Assets.xcassets */ = {isa = PBXFileReference; lastKnownFileType = folder.assetcatalog; path = Assets.xcassets; sourceTree = "<group>"; };
		E0B839A72AA0C43000DE9D38 /* Base */ = {isa = PBXFileReference; lastKnownFileType = file.storyboard; name = Base; path = Base.lproj/LaunchScreen.storyboard; sourceTree = "<group>"; };
		E0B839A92AA0C43000DE9D38 /* Info.plist */ = {isa = PBXFileReference; lastKnownFileType = text.plist.xml; path = Info.plist; sourceTree = "<group>"; };
		E0B839AF2AA0C50800DE9D38 /* .swiftlint.yml */ = {isa = PBXFileReference; fileEncoding = 4; lastKnownFileType = text.yaml; path = .swiftlint.yml; sourceTree = SOURCE_ROOT; };
		E0B839B42AA0CBDD00DE9D38 /* StringExtension.swift */ = {isa = PBXFileReference; lastKnownFileType = sourcecode.swift; path = StringExtension.swift; sourceTree = "<group>"; };
		E0B839B62AA0CC0000DE9D38 /* UIColorExtension.swift */ = {isa = PBXFileReference; lastKnownFileType = sourcecode.swift; path = UIColorExtension.swift; sourceTree = "<group>"; };
		E0B839BA2AA0CD4B00DE9D38 /* ContactsManager.swift */ = {isa = PBXFileReference; lastKnownFileType = sourcecode.swift; path = ContactsManager.swift; sourceTree = "<group>"; };
		E0B839BD2AA0CEA400DE9D38 /* ContactModel.swift */ = {isa = PBXFileReference; lastKnownFileType = sourcecode.swift; path = ContactModel.swift; sourceTree = "<group>"; };
/* End PBXFileReference section */

/* Begin PBXFrameworksBuildPhase section */
		E0B839952AA0C43000DE9D38 /* Frameworks */ = {
			isa = PBXFrameworksBuildPhase;
			buildActionMask = 2147483647;
			files = (
				0384A5FC75634BBBFA5041FA /* Pods_ContactBook.framework in Frameworks */,
			);
			runOnlyForDeploymentPostprocessing = 0;
		};
/* End PBXFrameworksBuildPhase section */

/* Begin PBXGroup section */
		AD0C52E2AC0CB6444415649F /* Pods */ = {
			isa = PBXGroup;
			children = (
				8D664EC71837B6F44C0C7A84 /* Pods-ContactBook.debug.xcconfig */,
				733C8308E7D54F6D3908E6C4 /* Pods-ContactBook.release.xcconfig */,
			);
			path = Pods;
			sourceTree = "<group>";
		};
		B2BEC8714710396D78288DD5 /* Frameworks */ = {
			isa = PBXGroup;
			children = (
				3733522CEBEEF8BF7964A79C /* Pods_ContactBook.framework */,
			);
			name = Frameworks;
			sourceTree = "<group>";
		};
		E0B8398F2AA0C42F00DE9D38 = {
			isa = PBXGroup;
			children = (
				E0B8399A2AA0C43000DE9D38 /* ContactBook */,
				E0B839992AA0C43000DE9D38 /* Products */,
				AD0C52E2AC0CB6444415649F /* Pods */,
				B2BEC8714710396D78288DD5 /* Frameworks */,
			);
			sourceTree = "<group>";
		};
		E0B839992AA0C43000DE9D38 /* Products */ = {
			isa = PBXGroup;
			children = (
				E0B839982AA0C43000DE9D38 /* ContactBook.app */,
			);
			name = Products;
			sourceTree = "<group>";
		};
		E0B8399A2AA0C43000DE9D38 /* ContactBook */ = {
			isa = PBXGroup;
			children = (
				E0B839BC2AA0CE8D00DE9D38 /* Models */,
				E0B839B92AA0CD3900DE9D38 /* Managers */,
				E0B839B82AA0CCF100DE9D38 /* Views */,
				E0B839B32AA0CBCC00DE9D38 /* Extensions */,
				E0B839B22AA0C93200DE9D38 /* SupportingFiles */,
				E0B839A92AA0C43000DE9D38 /* Info.plist */,
				E0B839AF2AA0C50800DE9D38 /* .swiftlint.yml */,
			);
			path = ContactBook;
			sourceTree = "<group>";
		};
		E0B839B22AA0C93200DE9D38 /* SupportingFiles */ = {
			isa = PBXGroup;
			children = (
				E0B8399B2AA0C43000DE9D38 /* AppDelegate.swift */,
				E0B8399D2AA0C43000DE9D38 /* SceneDelegate.swift */,
				E0B839A62AA0C43000DE9D38 /* LaunchScreen.storyboard */,
				E0B839A42AA0C43000DE9D38 /* Assets.xcassets */,
			);
			path = SupportingFiles;
			sourceTree = "<group>";
		};
		E0B839B32AA0CBCC00DE9D38 /* Extensions */ = {
			isa = PBXGroup;
			children = (
				E0B839B42AA0CBDD00DE9D38 /* StringExtension.swift */,
				E0B839B62AA0CC0000DE9D38 /* UIColorExtension.swift */,
			);
			path = Extensions;
			sourceTree = "<group>";
		};
		E0B839B82AA0CCF100DE9D38 /* Views */ = {
			isa = PBXGroup;
			children = (
				E0B8399F2AA0C43000DE9D38 /* ContactsListViewController.swift */,
			);
			path = Views;
			sourceTree = "<group>";
		};
		E0B839B92AA0CD3900DE9D38 /* Managers */ = {
			isa = PBXGroup;
			children = (
				E0B839BA2AA0CD4B00DE9D38 /* ContactsManager.swift */,
			);
			path = Managers;
			sourceTree = "<group>";
		};
		E0B839BC2AA0CE8D00DE9D38 /* Models */ = {
			isa = PBXGroup;
			children = (
				E0B839BD2AA0CEA400DE9D38 /* ContactModel.swift */,
			);
			path = Models;
			sourceTree = "<group>";
		};
/* End PBXGroup section */

/* Begin PBXNativeTarget section */
		E0B839972AA0C43000DE9D38 /* ContactBook */ = {
			isa = PBXNativeTarget;
			buildConfigurationList = E0B839AC2AA0C43000DE9D38 /* Build configuration list for PBXNativeTarget "ContactBook" */;
			buildPhases = (
				7D50DC7EB133E757D63FE9DF /* [CP] Check Pods Manifest.lock */,
				E0B839942AA0C43000DE9D38 /* Sources */,
				E0B839952AA0C43000DE9D38 /* Frameworks */,
				E0B839962AA0C43000DE9D38 /* Resources */,
				E0B839B12AA0C56C00DE9D38 /* SwiftLint */,
			);
			buildRules = (
			);
			dependencies = (
			);
			name = ContactBook;
			productName = ContactBook;
			productReference = E0B839982AA0C43000DE9D38 /* ContactBook.app */;
			productType = "com.apple.product-type.application";
		};
/* End PBXNativeTarget section */

/* Begin PBXProject section */
		E0B839902AA0C42F00DE9D38 /* Project object */ = {
			isa = PBXProject;
			attributes = {
				BuildIndependentTargetsInParallel = 1;
				LastSwiftUpdateCheck = 1430;
				LastUpgradeCheck = 1430;
				TargetAttributes = {
					E0B839972AA0C43000DE9D38 = {
						CreatedOnToolsVersion = 14.3.1;
					};
				};
			};
			buildConfigurationList = E0B839932AA0C42F00DE9D38 /* Build configuration list for PBXProject "ContactBook" */;
			compatibilityVersion = "Xcode 14.0";
			developmentRegion = en;
			hasScannedForEncodings = 0;
			knownRegions = (
				en,
				Base,
			);
			mainGroup = E0B8398F2AA0C42F00DE9D38;
			productRefGroup = E0B839992AA0C43000DE9D38 /* Products */;
			projectDirPath = "";
			projectRoot = "";
			targets = (
				E0B839972AA0C43000DE9D38 /* ContactBook */,
			);
		};
/* End PBXProject section */

/* Begin PBXResourcesBuildPhase section */
		E0B839962AA0C43000DE9D38 /* Resources */ = {
			isa = PBXResourcesBuildPhase;
			buildActionMask = 2147483647;
			files = (
				E0B839B02AA0C50800DE9D38 /* .swiftlint.yml in Resources */,
				E0B839A82AA0C43000DE9D38 /* LaunchScreen.storyboard in Resources */,
				E0B839A52AA0C43000DE9D38 /* Assets.xcassets in Resources */,
			);
			runOnlyForDeploymentPostprocessing = 0;
		};
/* End PBXResourcesBuildPhase section */

/* Begin PBXShellScriptBuildPhase section */
		7D50DC7EB133E757D63FE9DF /* [CP] Check Pods Manifest.lock */ = {
			isa = PBXShellScriptBuildPhase;
			buildActionMask = 2147483647;
			files = (
			);
			inputFileListPaths = (
			);
			inputPaths = (
				"${PODS_PODFILE_DIR_PATH}/Podfile.lock",
				"${PODS_ROOT}/Manifest.lock",
			);
			name = "[CP] Check Pods Manifest.lock";
			outputFileListPaths = (
			);
			outputPaths = (
				"$(DERIVED_FILE_DIR)/Pods-ContactBook-checkManifestLockResult.txt",
			);
			runOnlyForDeploymentPostprocessing = 0;
			shellPath = /bin/sh;
			shellScript = "diff \"${PODS_PODFILE_DIR_PATH}/Podfile.lock\" \"${PODS_ROOT}/Manifest.lock\" > /dev/null\nif [ $? != 0 ] ; then\n    # print error to STDERR\n    echo \"error: The sandbox is not in sync with the Podfile.lock. Run 'pod install' or update your CocoaPods installation.\" >&2\n    exit 1\nfi\n# This output is used by Xcode 'outputs' to avoid re-running this script phase.\necho \"SUCCESS\" > \"${SCRIPT_OUTPUT_FILE_0}\"\n";
			showEnvVarsInLog = 0;
		};
		E0B839B12AA0C56C00DE9D38 /* SwiftLint */ = {
			isa = PBXShellScriptBuildPhase;
			alwaysOutOfDate = 1;
			buildActionMask = 2147483647;
			files = (
			);
			inputFileListPaths = (
			);
			inputPaths = (
			);
			name = SwiftLint;
			outputFileListPaths = (
			);
			outputPaths = (
			);
			runOnlyForDeploymentPostprocessing = 0;
			shellPath = /bin/sh;
			shellScript = "export PATH=\"$PATH:/opt/homebrew/bin\"\nif which swiftlint >/dev/null; then\n  swiftlint\nelse\n  echo \"warning: SwiftLint not installed, download from https://github.com/realm/SwiftLint\"\nfi\n";
		};
/* End PBXShellScriptBuildPhase section */

/* Begin PBXSourcesBuildPhase section */
		E0B839942AA0C43000DE9D38 /* Sources */ = {
			isa = PBXSourcesBuildPhase;
			buildActionMask = 2147483647;
			files = (
				E0B839B52AA0CBDD00DE9D38 /* StringExtension.swift in Sources */,
				E0B839A02AA0C43000DE9D38 /* ContactsListViewController.swift in Sources */,
				E0B839B72AA0CC0000DE9D38 /* UIColorExtension.swift in Sources */,
				E0B8399C2AA0C43000DE9D38 /* AppDelegate.swift in Sources */,
				E0B839BE2AA0CEA400DE9D38 /* ContactModel.swift in Sources */,
				E0B839BB2AA0CD4B00DE9D38 /* ContactsManager.swift in Sources */,
				E0B8399E2AA0C43000DE9D38 /* SceneDelegate.swift in Sources */,
			);
			runOnlyForDeploymentPostprocessing = 0;
		};
/* End PBXSourcesBuildPhase section */

/* Begin PBXVariantGroup section */
		E0B839A62AA0C43000DE9D38 /* LaunchScreen.storyboard */ = {
			isa = PBXVariantGroup;
			children = (
				E0B839A72AA0C43000DE9D38 /* Base */,
			);
			name = LaunchScreen.storyboard;
			sourceTree = "<group>";
		};
/* End PBXVariantGroup section */

/* Begin XCBuildConfiguration section */
		E0B839AA2AA0C43000DE9D38 /* Debug */ = {
			isa = XCBuildConfiguration;
			buildSettings = {
				ALWAYS_SEARCH_USER_PATHS = NO;
				CLANG_ANALYZER_NONNULL = YES;
				CLANG_ANALYZER_NUMBER_OBJECT_CONVERSION = YES_AGGRESSIVE;
				CLANG_CXX_LANGUAGE_STANDARD = "gnu++20";
				CLANG_ENABLE_MODULES = YES;
				CLANG_ENABLE_OBJC_ARC = YES;
				CLANG_ENABLE_OBJC_WEAK = YES;
				CLANG_WARN_BLOCK_CAPTURE_AUTORELEASING = YES;
				CLANG_WARN_BOOL_CONVERSION = YES;
				CLANG_WARN_COMMA = YES;
				CLANG_WARN_CONSTANT_CONVERSION = YES;
				CLANG_WARN_DEPRECATED_OBJC_IMPLEMENTATIONS = YES;
				CLANG_WARN_DIRECT_OBJC_ISA_USAGE = YES_ERROR;
				CLANG_WARN_DOCUMENTATION_COMMENTS = YES;
				CLANG_WARN_EMPTY_BODY = YES;
				CLANG_WARN_ENUM_CONVERSION = YES;
				CLANG_WARN_INFINITE_RECURSION = YES;
				CLANG_WARN_INT_CONVERSION = YES;
				CLANG_WARN_NON_LITERAL_NULL_CONVERSION = YES;
				CLANG_WARN_OBJC_IMPLICIT_RETAIN_SELF = YES;
				CLANG_WARN_OBJC_LITERAL_CONVERSION = YES;
				CLANG_WARN_OBJC_ROOT_CLASS = YES_ERROR;
				CLANG_WARN_QUOTED_INCLUDE_IN_FRAMEWORK_HEADER = YES;
				CLANG_WARN_RANGE_LOOP_ANALYSIS = YES;
				CLANG_WARN_STRICT_PROTOTYPES = YES;
				CLANG_WARN_SUSPICIOUS_MOVE = YES;
				CLANG_WARN_UNGUARDED_AVAILABILITY = YES_AGGRESSIVE;
				CLANG_WARN_UNREACHABLE_CODE = YES;
				CLANG_WARN__DUPLICATE_METHOD_MATCH = YES;
				COPY_PHASE_STRIP = NO;
				DEBUG_INFORMATION_FORMAT = dwarf;
				ENABLE_STRICT_OBJC_MSGSEND = YES;
				ENABLE_TESTABILITY = YES;
				GCC_C_LANGUAGE_STANDARD = gnu11;
				GCC_DYNAMIC_NO_PIC = NO;
				GCC_NO_COMMON_BLOCKS = YES;
				GCC_OPTIMIZATION_LEVEL = 0;
				GCC_PREPROCESSOR_DEFINITIONS = (
					"DEBUG=1",
					"$(inherited)",
				);
				GCC_WARN_64_TO_32_BIT_CONVERSION = YES;
				GCC_WARN_ABOUT_RETURN_TYPE = YES_ERROR;
				GCC_WARN_UNDECLARED_SELECTOR = YES;
				GCC_WARN_UNINITIALIZED_AUTOS = YES_AGGRESSIVE;
				GCC_WARN_UNUSED_FUNCTION = YES;
				GCC_WARN_UNUSED_VARIABLE = YES;
				IPHONEOS_DEPLOYMENT_TARGET = 14.0;
				MTL_ENABLE_DEBUG_INFO = INCLUDE_SOURCE;
				MTL_FAST_MATH = YES;
				ONLY_ACTIVE_ARCH = YES;
				SDKROOT = iphoneos;
				SWIFT_ACTIVE_COMPILATION_CONDITIONS = DEBUG;
				SWIFT_OPTIMIZATION_LEVEL = "-Onone";
			};
			name = Debug;
		};
		E0B839AB2AA0C43000DE9D38 /* Release */ = {
			isa = XCBuildConfiguration;
			buildSettings = {
				ALWAYS_SEARCH_USER_PATHS = NO;
				CLANG_ANALYZER_NONNULL = YES;
				CLANG_ANALYZER_NUMBER_OBJECT_CONVERSION = YES_AGGRESSIVE;
				CLANG_CXX_LANGUAGE_STANDARD = "gnu++20";
				CLANG_ENABLE_MODULES = YES;
				CLANG_ENABLE_OBJC_ARC = YES;
				CLANG_ENABLE_OBJC_WEAK = YES;
				CLANG_WARN_BLOCK_CAPTURE_AUTORELEASING = YES;
				CLANG_WARN_BOOL_CONVERSION = YES;
				CLANG_WARN_COMMA = YES;
				CLANG_WARN_CONSTANT_CONVERSION = YES;
				CLANG_WARN_DEPRECATED_OBJC_IMPLEMENTATIONS = YES;
				CLANG_WARN_DIRECT_OBJC_ISA_USAGE = YES_ERROR;
				CLANG_WARN_DOCUMENTATION_COMMENTS = YES;
				CLANG_WARN_EMPTY_BODY = YES;
				CLANG_WARN_ENUM_CONVERSION = YES;
				CLANG_WARN_INFINITE_RECURSION = YES;
				CLANG_WARN_INT_CONVERSION = YES;
				CLANG_WARN_NON_LITERAL_NULL_CONVERSION = YES;
				CLANG_WARN_OBJC_IMPLICIT_RETAIN_SELF = YES;
				CLANG_WARN_OBJC_LITERAL_CONVERSION = YES;
				CLANG_WARN_OBJC_ROOT_CLASS = YES_ERROR;
				CLANG_WARN_QUOTED_INCLUDE_IN_FRAMEWORK_HEADER = YES;
				CLANG_WARN_RANGE_LOOP_ANALYSIS = YES;
				CLANG_WARN_STRICT_PROTOTYPES = YES;
				CLANG_WARN_SUSPICIOUS_MOVE = YES;
				CLANG_WARN_UNGUARDED_AVAILABILITY = YES_AGGRESSIVE;
				CLANG_WARN_UNREACHABLE_CODE = YES;
				CLANG_WARN__DUPLICATE_METHOD_MATCH = YES;
				COPY_PHASE_STRIP = NO;
				DEBUG_INFORMATION_FORMAT = "dwarf-with-dsym";
				ENABLE_NS_ASSERTIONS = NO;
				ENABLE_STRICT_OBJC_MSGSEND = YES;
				GCC_C_LANGUAGE_STANDARD = gnu11;
				GCC_NO_COMMON_BLOCKS = YES;
				GCC_WARN_64_TO_32_BIT_CONVERSION = YES;
				GCC_WARN_ABOUT_RETURN_TYPE = YES_ERROR;
				GCC_WARN_UNDECLARED_SELECTOR = YES;
				GCC_WARN_UNINITIALIZED_AUTOS = YES_AGGRESSIVE;
				GCC_WARN_UNUSED_FUNCTION = YES;
				GCC_WARN_UNUSED_VARIABLE = YES;
				IPHONEOS_DEPLOYMENT_TARGET = 14.0;
				MTL_ENABLE_DEBUG_INFO = NO;
				MTL_FAST_MATH = YES;
				SDKROOT = iphoneos;
				SWIFT_COMPILATION_MODE = wholemodule;
				SWIFT_OPTIMIZATION_LEVEL = "-O";
				VALIDATE_PRODUCT = YES;
			};
			name = Release;
		};
		E0B839AD2AA0C43000DE9D38 /* Debug */ = {
			isa = XCBuildConfiguration;
			baseConfigurationReference = 8D664EC71837B6F44C0C7A84 /* Pods-ContactBook.debug.xcconfig */;
			buildSettings = {
				ASSETCATALOG_COMPILER_APPICON_NAME = AppIcon;
				ASSETCATALOG_COMPILER_GLOBAL_ACCENT_COLOR_NAME = AccentColor;
				CODE_SIGN_STYLE = Automatic;
				CURRENT_PROJECT_VERSION = 1;
				DEVELOPMENT_TEAM = UHVWN3MG2Z;
				GENERATE_INFOPLIST_FILE = YES;
				INFOPLIST_FILE = ContactBook/Info.plist;
				INFOPLIST_KEY_UIApplicationSupportsIndirectInputEvents = YES;
				INFOPLIST_KEY_UILaunchStoryboardName = LaunchScreen;
				INFOPLIST_KEY_UIMainStoryboardFile = "";
				INFOPLIST_KEY_UISupportedInterfaceOrientations_iPad = "UIInterfaceOrientationPortrait UIInterfaceOrientationPortraitUpsideDown UIInterfaceOrientationLandscapeLeft UIInterfaceOrientationLandscapeRight";
				INFOPLIST_KEY_UISupportedInterfaceOrientations_iPhone = "UIInterfaceOrientationPortrait UIInterfaceOrientationLandscapeLeft UIInterfaceOrientationLandscapeRight";
				IPHONEOS_DEPLOYMENT_TARGET = 14.0;
				LD_RUNPATH_SEARCH_PATHS = (
					"$(inherited)",
					"@executable_path/Frameworks",
				);
				MARKETING_VERSION = 1.0;
				PRODUCT_BUNDLE_IDENTIFIER = pablik.iosDev.ContactBook;
				PRODUCT_NAME = "$(TARGET_NAME)";
				SWIFT_EMIT_LOC_STRINGS = YES;
				SWIFT_VERSION = 5.0;
				TARGETED_DEVICE_FAMILY = "1,2";
				TVOS_DEPLOYMENT_TARGET = 14.0;
			};
			name = Debug;
		};
		E0B839AE2AA0C43000DE9D38 /* Release */ = {
			isa = XCBuildConfiguration;
			baseConfigurationReference = 733C8308E7D54F6D3908E6C4 /* Pods-ContactBook.release.xcconfig */;
			buildSettings = {
				ASSETCATALOG_COMPILER_APPICON_NAME = AppIcon;
				ASSETCATALOG_COMPILER_GLOBAL_ACCENT_COLOR_NAME = AccentColor;
				CODE_SIGN_STYLE = Automatic;
				CURRENT_PROJECT_VERSION = 1;
				DEVELOPMENT_TEAM = UHVWN3MG2Z;
				GENERATE_INFOPLIST_FILE = YES;
				INFOPLIST_FILE = ContactBook/Info.plist;
				INFOPLIST_KEY_UIApplicationSupportsIndirectInputEvents = YES;
				INFOPLIST_KEY_UILaunchStoryboardName = LaunchScreen;
				INFOPLIST_KEY_UIMainStoryboardFile = "";
				INFOPLIST_KEY_UISupportedInterfaceOrientations_iPad = "UIInterfaceOrientationPortrait UIInterfaceOrientationPortraitUpsideDown UIInterfaceOrientationLandscapeLeft UIInterfaceOrientationLandscapeRight";
				INFOPLIST_KEY_UISupportedInterfaceOrientations_iPhone = "UIInterfaceOrientationPortrait UIInterfaceOrientationLandscapeLeft UIInterfaceOrientationLandscapeRight";
				IPHONEOS_DEPLOYMENT_TARGET = 14.0;
				LD_RUNPATH_SEARCH_PATHS = (
					"$(inherited)",
					"@executable_path/Frameworks",
				);
				MARKETING_VERSION = 1.0;
				PRODUCT_BUNDLE_IDENTIFIER = pablik.iosDev.ContactBook;
				PRODUCT_NAME = "$(TARGET_NAME)";
				SWIFT_EMIT_LOC_STRINGS = YES;
				SWIFT_VERSION = 5.0;
				TARGETED_DEVICE_FAMILY = "1,2";
				TVOS_DEPLOYMENT_TARGET = 14.0;
			};
			name = Release;
		};
/* End XCBuildConfiguration section */

/* Begin XCConfigurationList section */
		E0B839932AA0C42F00DE9D38 /* Build configuration list for PBXProject "ContactBook" */ = {
			isa = XCConfigurationList;
			buildConfigurations = (
				E0B839AA2AA0C43000DE9D38 /* Debug */,
				E0B839AB2AA0C43000DE9D38 /* Release */,
			);
			defaultConfigurationIsVisible = 0;
			defaultConfigurationName = Release;
		};
		E0B839AC2AA0C43000DE9D38 /* Build configuration list for PBXNativeTarget "ContactBook" */ = {
			isa = XCConfigurationList;
			buildConfigurations = (
				E0B839AD2AA0C43000DE9D38 /* Debug */,
				E0B839AE2AA0C43000DE9D38 /* Release */,
			);
			defaultConfigurationIsVisible = 0;
			defaultConfigurationName = Release;
		};
/* End XCConfigurationList section */
	};
	rootObject = E0B839902AA0C42F00DE9D38 /* Project object */;
}
